// !$*UTF8*$!
{
	archiveVersion = 1;
	classes = {
	};
	objectVersion = 46;
	objects = {

/* Begin PBXBuildFile section */
		3CAB293E19485AF8001A797F /* Foundation.framework in Frameworks */ = {isa = PBXBuildFile; fileRef = 3CAB293D19485AF8001A797F /* Foundation.framework */; };
		3CAB294019485AF8001A797F /* CoreGraphics.framework in Frameworks */ = {isa = PBXBuildFile; fileRef = 3CAB293F19485AF8001A797F /* CoreGraphics.framework */; };
		3CAB294219485AF8001A797F /* UIKit.framework in Frameworks */ = {isa = PBXBuildFile; fileRef = 3CAB294119485AF8001A797F /* UIKit.framework */; };
		3CAB294819485AF8001A797F /* InfoPlist.strings in Resources */ = {isa = PBXBuildFile; fileRef = 3CAB294619485AF8001A797F /* InfoPlist.strings */; };
		3CAB294A19485AF8001A797F /* main.m in Sources */ = {isa = PBXBuildFile; fileRef = 3CAB294919485AF8001A797F /* main.m */; };
		3CAB294E19485AF8001A797F /* AppDelegate.m in Sources */ = {isa = PBXBuildFile; fileRef = 3CAB294D19485AF8001A797F /* AppDelegate.m */; };
		3CAB295119485AF9001A797F /* Main.storyboard in Resources */ = {isa = PBXBuildFile; fileRef = 3CAB294F19485AF9001A797F /* Main.storyboard */; };
		3CAB295419485AF9001A797F /* ViewController.m in Sources */ = {isa = PBXBuildFile; fileRef = 3CAB295319485AF9001A797F /* ViewController.m */; };
		3CAB295619485AF9001A797F /* Images.xcassets in Resources */ = {isa = PBXBuildFile; fileRef = 3CAB295519485AF9001A797F /* Images.xcassets */; };
		3CAB295D19485AF9001A797F /* XCTest.framework in Frameworks */ = {isa = PBXBuildFile; fileRef = 3CAB295C19485AF9001A797F /* XCTest.framework */; };
		3CAB295E19485AF9001A797F /* Foundation.framework in Frameworks */ = {isa = PBXBuildFile; fileRef = 3CAB293D19485AF8001A797F /* Foundation.framework */; };
		3CAB295F19485AF9001A797F /* UIKit.framework in Frameworks */ = {isa = PBXBuildFile; fileRef = 3CAB294119485AF8001A797F /* UIKit.framework */; };
		3CAB296719485AF9001A797F /* InfoPlist.strings in Resources */ = {isa = PBXBuildFile; fileRef = 3CAB296519485AF9001A797F /* InfoPlist.strings */; };
		3CAB296919485AF9001A797F /* AnimationUITests.m in Sources */ = {isa = PBXBuildFile; fileRef = 3CAB296819485AF9001A797F /* AnimationUITests.m */; };
		3CAB297319485B18001A797F /* img5.jpg in Resources */ = {isa = PBXBuildFile; fileRef = 3CAB297219485B18001A797F /* img5.jpg */; };
/* End PBXBuildFile section */

/* Begin PBXContainerItemProxy section */
		3CAB296019485AF9001A797F /* PBXContainerItemProxy */ = {
			isa = PBXContainerItemProxy;
			containerPortal = 3CAB293219485AF8001A797F /* Project object */;
			proxyType = 1;
			remoteGlobalIDString = 3CAB293919485AF8001A797F;
			remoteInfo = AnimationUI;
		};
/* End PBXContainerItemProxy section */

/* Begin PBXFileReference section */
		3CAB293A19485AF8001A797F /* AnimationUI.app */ = {isa = PBXFileReference; explicitFileType = wrapper.application; includeInIndex = 0; path = AnimationUI.app; sourceTree = BUILT_PRODUCTS_DIR; };
		3CAB293D19485AF8001A797F /* Foundation.framework */ = {isa = PBXFileReference; lastKnownFileType = wrapper.framework; name = Foundation.framework; path = System/Library/Frameworks/Foundation.framework; sourceTree = SDKROOT; };
		3CAB293F19485AF8001A797F /* CoreGraphics.framework */ = {isa = PBXFileReference; lastKnownFileType = wrapper.framework; name = CoreGraphics.framework; path = System/Library/Frameworks/CoreGraphics.framework; sourceTree = SDKROOT; };
		3CAB294119485AF8001A797F /* UIKit.framework */ = {isa = PBXFileReference; lastKnownFileType = wrapper.framework; name = UIKit.framework; path = System/Library/Frameworks/UIKit.framework; sourceTree = SDKROOT; };
		3CAB294519485AF8001A797F /* AnimationUI-Info.plist */ = {isa = PBXFileReference; lastKnownFileType = text.plist.xml; path = "AnimationUI-Info.plist"; sourceTree = "<group>"; };
		3CAB294719485AF8001A797F /* en */ = {isa = PBXFileReference; lastKnownFileType = text.plist.strings; name = en; path = en.lproj/InfoPlist.strings; sourceTree = "<group>"; };
		3CAB294919485AF8001A797F /* main.m */ = {isa = PBXFileReference; lastKnownFileType = sourcecode.c.objc; path = main.m; sourceTree = "<group>"; };
		3CAB294B19485AF8001A797F /* AnimationUI-Prefix.pch */ = {isa = PBXFileReference; lastKnownFileType = sourcecode.c.h; path = "AnimationUI-Prefix.pch"; sourceTree = "<group>"; };
		3CAB294C19485AF8001A797F /* AppDelegate.h */ = {isa = PBXFileReference; lastKnownFileType = sourcecode.c.h; path = AppDelegate.h; sourceTree = "<group>"; };
		3CAB294D19485AF8001A797F /* AppDelegate.m */ = {isa = PBXFileReference; lastKnownFileType = sourcecode.c.objc; path = AppDelegate.m; sourceTree = "<group>"; };
		3CAB295019485AF9001A797F /* Base */ = {isa = PBXFileReference; lastKnownFileType = file.storyboard; name = Base; path = Base.lproj/Main.storyboard; sourceTree = "<group>"; };
		3CAB295219485AF9001A797F /* ViewController.h */ = {isa = PBXFileReference; lastKnownFileType = sourcecode.c.h; path = ViewController.h; sourceTree = "<group>"; };
		3CAB295319485AF9001A797F /* ViewController.m */ = {isa = PBXFileReference; lastKnownFileType = sourcecode.c.objc; path = ViewController.m; sourceTree = "<group>"; };
		3CAB295519485AF9001A797F /* Images.xcassets */ = {isa = PBXFileReference; lastKnownFileType = folder.assetcatalog; path = Images.xcassets; sourceTree = "<group>"; };
		3CAB295B19485AF9001A797F /* AnimationUITests.xctest */ = {isa = PBXFileReference; explicitFileType = wrapper.cfbundle; includeInIndex = 0; path = AnimationUITests.xctest; sourceTree = BUILT_PRODUCTS_DIR; };
		3CAB295C19485AF9001A797F /* XCTest.framework */ = {isa = PBXFileReference; lastKnownFileType = wrapper.framework; name = XCTest.framework; path = Library/Frameworks/XCTest.framework; sourceTree = DEVELOPER_DIR; };
		3CAB296419485AF9001A797F /* AnimationUITests-Info.plist */ = {isa = PBXFileReference; lastKnownFileType = text.plist.xml; path = "AnimationUITests-Info.plist"; sourceTree = "<group>"; };
		3CAB296619485AF9001A797F /* en */ = {isa = PBXFileReference; lastKnownFileType = text.plist.strings; name = en; path = en.lproj/InfoPlist.strings; sourceTree = "<group>"; };
		3CAB296819485AF9001A797F /* AnimationUITests.m */ = {isa = PBXFileReference; lastKnownFileType = sourcecode.c.objc; path = AnimationUITests.m; sourceTree = "<group>"; };
		3CAB297219485B18001A797F /* img5.jpg */ = {isa = PBXFileReference; lastKnownFileType = image.jpeg; path = img5.jpg; sourceTree = "<group>"; };
/* End PBXFileReference section */

/* Begin PBXFrameworksBuildPhase section */
		3CAB293719485AF8001A797F /* Frameworks */ = {
			isa = PBXFrameworksBuildPhase;
			buildActionMask = 2147483647;
			files = (
				3CAB294019485AF8001A797F /* CoreGraphics.framework in Frameworks */,
				3CAB294219485AF8001A797F /* UIKit.framework in Frameworks */,
				3CAB293E19485AF8001A797F /* Foundation.framework in Frameworks */,
			);
			runOnlyForDeploymentPostprocessing = 0;
		};
		3CAB295819485AF9001A797F /* Frameworks */ = {
			isa = PBXFrameworksBuildPhase;
			buildActionMask = 2147483647;
			files = (
				3CAB295D19485AF9001A797F /* XCTest.framework in Frameworks */,
				3CAB295F19485AF9001A797F /* UIKit.framework in Frameworks */,
				3CAB295E19485AF9001A797F /* Foundation.framework in Frameworks */,
			);
			runOnlyForDeploymentPostprocessing = 0;
		};
/* End PBXFrameworksBuildPhase section */

/* Begin PBXGroup section */
		3CAB293119485AF8001A797F = {
			isa = PBXGroup;
			children = (
				3CAB297219485B18001A797F /* img5.jpg */,
				3CAB294319485AF8001A797F /* AnimationUI */,
				3CAB296219485AF9001A797F /* AnimationUITests */,
				3CAB293C19485AF8001A797F /* Frameworks */,
				3CAB293B19485AF8001A797F /* Products */,
			);
			sourceTree = "<group>";
		};
		3CAB293B19485AF8001A797F /* Products */ = {
			isa = PBXGroup;
			children = (
				3CAB293A19485AF8001A797F /* AnimationUI.app */,
				3CAB295B19485AF9001A797F /* AnimationUITests.xctest */,
			);
			name = Products;
			sourceTree = "<group>";
		};
		3CAB293C19485AF8001A797F /* Frameworks */ = {
			isa = PBXGroup;
			children = (
				3CAB293D19485AF8001A797F /* Foundation.framework */,
				3CAB293F19485AF8001A797F /* CoreGraphics.framework */,
				3CAB294119485AF8001A797F /* UIKit.framework */,
				3CAB295C19485AF9001A797F /* XCTest.framework */,
			);
			name = Frameworks;
			sourceTree = "<group>";
		};
		3CAB294319485AF8001A797F /* AnimationUI */ = {
			isa = PBXGroup;
			children = (
				3CAB294C19485AF8001A797F /* AppDelegate.h */,
				3CAB294D19485AF8001A797F /* AppDelegate.m */,
				3CAB294F19485AF9001A797F /* Main.storyboard */,
				3CAB295219485AF9001A797F /* ViewController.h */,
				3CAB295319485AF9001A797F /* ViewController.m */,
				3CAB295519485AF9001A797F /* Images.xcassets */,
				3CAB294419485AF8001A797F /* Supporting Files */,
			);
			path = AnimationUI;
			sourceTree = "<group>";
		};
		3CAB294419485AF8001A797F /* Supporting Files */ = {
			isa = PBXGroup;
			children = (
				3CAB294519485AF8001A797F /* AnimationUI-Info.plist */,
				3CAB294619485AF8001A797F /* InfoPlist.strings */,
				3CAB294919485AF8001A797F /* main.m */,
				3CAB294B19485AF8001A797F /* AnimationUI-Prefix.pch */,
			);
			name = "Supporting Files";
			sourceTree = "<group>";
		};
		3CAB296219485AF9001A797F /* AnimationUITests */ = {
			isa = PBXGroup;
			children = (
				3CAB296819485AF9001A797F /* AnimationUITests.m */,
				3CAB296319485AF9001A797F /* Supporting Files */,
			);
			path = AnimationUITests;
			sourceTree = "<group>";
		};
		3CAB296319485AF9001A797F /* Supporting Files */ = {
			isa = PBXGroup;
			children = (
				3CAB296419485AF9001A797F /* AnimationUITests-Info.plist */,
				3CAB296519485AF9001A797F /* InfoPlist.strings */,
			);
			name = "Supporting Files";
			sourceTree = "<group>";
		};
/* End PBXGroup section */

/* Begin PBXNativeTarget section */
		3CAB293919485AF8001A797F /* AnimationUI */ = {
			isa = PBXNativeTarget;
			buildConfigurationList = 3CAB296C19485AF9001A797F /* Build configuration list for PBXNativeTarget "AnimationUI" */;
			buildPhases = (
				3CAB293619485AF8001A797F /* Sources */,
				3CAB293719485AF8001A797F /* Frameworks */,
				3CAB293819485AF8001A797F /* Resources */,
			);
			buildRules = (
			);
			dependencies = (
			);
			name = AnimationUI;
			productName = AnimationUI;
			productReference = 3CAB293A19485AF8001A797F /* AnimationUI.app */;
			productType = "com.apple.product-type.application";
		};
		3CAB295A19485AF9001A797F /* AnimationUITests */ = {
			isa = PBXNativeTarget;
			buildConfigurationList = 3CAB296F19485AF9001A797F /* Build configuration list for PBXNativeTarget "AnimationUITests" */;
			buildPhases = (
				3CAB295719485AF9001A797F /* Sources */,
				3CAB295819485AF9001A797F /* Frameworks */,
				3CAB295919485AF9001A797F /* Resources */,
			);
			buildRules = (
			);
			dependencies = (
				3CAB296119485AF9001A797F /* PBXTargetDependency */,
			);
			name = AnimationUITests;
			productName = AnimationUITests;
			productReference = 3CAB295B19485AF9001A797F /* AnimationUITests.xctest */;
			productType = "com.apple.product-type.bundle.unit-test";
		};
/* End PBXNativeTarget section */

/* Begin PBXProject section */
		3CAB293219485AF8001A797F /* Project object */ = {
			isa = PBXProject;
			attributes = {
				LastUpgradeCheck = 0510;
				ORGANIZATIONNAME = Hispark;
				TargetAttributes = {
					3CAB295A19485AF9001A797F = {
						TestTargetID = 3CAB293919485AF8001A797F;
					};
				};
			};
			buildConfigurationList = 3CAB293519485AF8001A797F /* Build configuration list for PBXProject "AnimationUI" */;
			compatibilityVersion = "Xcode 3.2";
			developmentRegion = English;
			hasScannedForEncodings = 0;
			knownRegions = (
				en,
				Base,
			);
			mainGroup = 3CAB293119485AF8001A797F;
			productRefGroup = 3CAB293B19485AF8001A797F /* Products */;
			projectDirPath = "";
			projectRoot = "";
			targets = (
				3CAB293919485AF8001A797F /* AnimationUI */,
				3CAB295A19485AF9001A797F /* AnimationUITests */,
			);
		};
/* End PBXProject section */

/* Begin PBXResourcesBuildPhase section */
		3CAB293819485AF8001A797F /* Resources */ = {
			isa = PBXResourcesBuildPhase;
			buildActionMask = 2147483647;
			files = (
				3CAB295619485AF9001A797F /* Images.xcassets in Resources */,
				3CAB297319485B18001A797F /* img5.jpg in Resources */,
				3CAB294819485AF8001A797F /* InfoPlist.strings in Resources */,
				3CAB295119485AF9001A797F /* Main.storyboard in Resources */,
			);
			runOnlyForDeploymentPostprocessing = 0;
		};
		3CAB295919485AF9001A797F /* Resources */ = {
			isa = PBXResourcesBuildPhase;
			buildActionMask = 2147483647;
			files = (
				3CAB296719485AF9001A797F /* InfoPlist.strings in Resources */,
			);
			runOnlyForDeploymentPostprocessing = 0;
		};
/* End PBXResourcesBuildPhase section */

/* Begin PBXSourcesBuildPhase section */
		3CAB293619485AF8001A797F /* Sources */ = {
			isa = PBXSourcesBuildPhase;
			buildActionMask = 2147483647;
			files = (
				3CAB295419485AF9001A797F /* ViewController.m in Sources */,
				3CAB294E19485AF8001A797F /* AppDelegate.m in Sources */,
				3CAB294A19485AF8001A797F /* main.m in Sources */,
			);
			runOnlyForDeploymentPostprocessing = 0;
		};
		3CAB295719485AF9001A797F /* Sources */ = {
			isa = PBXSourcesBuildPhase;
			buildActionMask = 2147483647;
			files = (
				3CAB296919485AF9001A797F /* AnimationUITests.m in Sources */,
			);
			runOnlyForDeploymentPostprocessing = 0;
		};
/* End PBXSourcesBuildPhase section */

/* Begin PBXTargetDependency section */
		3CAB296119485AF9001A797F /* PBXTargetDependency */ = {
			isa = PBXTargetDependency;
			target = 3CAB293919485AF8001A797F /* AnimationUI */;
			targetProxy = 3CAB296019485AF9001A797F /* PBXContainerItemProxy */;
		};
/* End PBXTargetDependency section */

/* Begin PBXVariantGroup section */
		3CAB294619485AF8001A797F /* InfoPlist.strings */ = {
			isa = PBXVariantGroup;
			children = (
				3CAB294719485AF8001A797F /* en */,
			);
			name = InfoPlist.strings;
			sourceTree = "<group>";
		};
		3CAB294F19485AF9001A797F /* Main.storyboard */ = {
			isa = PBXVariantGroup;
			children = (
				3CAB295019485AF9001A797F /* Base */,
			);
			name = Main.storyboard;
			sourceTree = "<group>";
		};
		3CAB296519485AF9001A797F /* InfoPlist.strings */ = {
			isa = PBXVariantGroup;
			children = (
				3CAB296619485AF9001A797F /* en */,
			);
			name = InfoPlist.strings;
			sourceTree = "<group>";
		};
/* End PBXVariantGroup section */

/* Begin XCBuildConfiguration section */
		3CAB296A19485AF9001A797F /* Debug */ = {
			isa = XCBuildConfiguration;
			buildSettings = {
				ALWAYS_SEARCH_USER_PATHS = NO;
				CLANG_CXX_LANGUAGE_STANDARD = "gnu++0x";
				CLANG_CXX_LIBRARY = "libc++";
				CLANG_ENABLE_MODULES = YES;
				CLANG_ENABLE_OBJC_ARC = YES;
				CLANG_WARN_BOOL_CONVERSION = YES;
				CLANG_WARN_CONSTANT_CONVERSION = YES;
				CLANG_WARN_DIRECT_OBJC_ISA_USAGE = YES_ERROR;
				CLANG_WARN_EMPTY_BODY = YES;
				CLANG_WARN_ENUM_CONVERSION = YES;
				CLANG_WARN_INT_CONVERSION = YES;
				CLANG_WARN_OBJC_ROOT_CLASS = YES_ERROR;
				CLANG_WARN__DUPLICATE_METHOD_MATCH = YES;
				"CODE_SIGN_IDENTITY[sdk=iphoneos*]" = "iPhone Developer";
				COPY_PHASE_STRIP = NO;
				GCC_C_LANGUAGE_STANDARD = gnu99;
				GCC_DYNAMIC_NO_PIC = NO;
				GCC_OPTIMIZATION_LEVEL = 0;
				GCC_PREPROCESSOR_DEFINITIONS = (
					"DEBUG=1",
					"$(inherited)",
				);
				GCC_SYMBOLS_PRIVATE_EXTERN = NO;
				GCC_WARN_64_TO_32_BIT_CONVERSION = YES;
				GCC_WARN_ABOUT_RETURN_TYPE = YES_ERROR;
				GCC_WARN_UNDECLARED_SELECTOR = YES;
				GCC_WARN_UNINITIALIZED_AUTOS = YES_AGGRESSIVE;
				GCC_WARN_UNUSED_FUNCTION = YES;
				GCC_WARN_UNUSED_VARIABLE = YES;
				IPHONEOS_DEPLOYMENT_TARGET = 7.1;
				ONLY_ACTIVE_ARCH = YES;
				SDKROOT = iphoneos;
			};
			name = Debug;
		};
		3CAB296B19485AF9001A797F /* Release */ = {
			isa = XCBuildConfiguration;
			buildSettings = {
				ALWAYS_SEARCH_USER_PATHS = NO;
				CLANG_CXX_LANGUAGE_STANDARD = "gnu++0x";
				CLANG_CXX_LIBRARY = "libc++";
				CLANG_ENABLE_MODULES = YES;
				CLANG_ENABLE_OBJC_ARC = YES;
				CLANG_WARN_BOOL_CONVERSION = YES;
				CLANG_WARN_CONSTANT_CONVERSION = YES;
				CLANG_WARN_DIRECT_OBJC_ISA_USAGE = YES_ERROR;
				CLANG_WARN_EMPTY_BODY = YES;
				CLANG_WARN_ENUM_CONVERSION = YES;
				CLANG_WARN_INT_CONVERSION = YES;
				CLANG_WARN_OBJC_ROOT_CLASS = YES_ERROR;
				CLANG_WARN__DUPLICATE_METHOD_MATCH = YES;
				"CODE_SIGN_IDENTITY[sdk=iphoneos*]" = "iPhone Developer";
				COPY_PHASE_STRIP = YES;
				ENABLE_NS_ASSERTIONS = NO;
				GCC_C_LANGUAGE_STANDARD = gnu99;
				GCC_WARN_64_TO_32_BIT_CONVERSION = YES;
				GCC_WARN_ABOUT_RETURN_TYPE = YES_ERROR;
				GCC_WARN_UNDECLARED_SELECTOR = YES;
				GCC_WARN_UNINITIALIZED_AUTOS = YES_AGGRESSIVE;
				GCC_WARN_UNUSED_FUNCTION = YES;
				GCC_WARN_UNUSED_VARIABLE = YES;
				IPHONEOS_DEPLOYMENT_TARGET = 7.1;
				SDKROOT = iphoneos;
				VALIDATE_PRODUCT = YES;
			};
			name = Release;
		};
		3CAB296D19485AF9001A797F /* Debug */ = {
			isa = XCBuildConfiguration;
			buildSettings = {
				ASSETCATALOG_COMPILER_APPICON_NAME = AppIcon;
				ASSETCATALOG_COMPILER_LAUNCHIMAGE_NAME = LaunchImage;
				GCC_PRECOMPILE_PREFIX_HEADER = YES;
				GCC_PREFIX_HEADER = "AnimationUI/AnimationUI-Prefix.pch";
				INFOPLIST_FILE = "AnimationUI/AnimationUI-Info.plist";
				PRODUCT_NAME = "$(TARGET_NAME)";
				WRAPPER_EXTENSION = app;
			};
			name = Debug;
		};
		3CAB296E19485AF9001A797F /* Release */ = {
			isa = XCBuildConfiguration;
			buildSettings = {
				ASSETCATALOG_COMPILER_APPICON_NAME = AppIcon;
				ASSETCATALOG_COMPILER_LAUNCHIMAGE_NAME = LaunchImage;
				GCC_PRECOMPILE_PREFIX_HEADER = YES;
				GCC_PREFIX_HEADER = "AnimationUI/AnimationUI-Prefix.pch";
				INFOPLIST_FILE = "AnimationUI/AnimationUI-Info.plist";
				PRODUCT_NAME = "$(TARGET_NAME)";
				WRAPPER_EXTENSION = app;
			};
			name = Release;
		};
		3CAB297019485AF9001A797F /* Debug */ = {
			isa = XCBuildConfiguration;
			buildSettings = {
				BUNDLE_LOADER = "$(BUILT_PRODUCTS_DIR)/AnimationUI.app/AnimationUI";
				FRAMEWORK_SEARCH_PATHS = (
					"$(SDKROOT)/Developer/Library/Frameworks",
					"$(inherited)",
					"$(DEVELOPER_FRAMEWORKS_DIR)",
				);
				GCC_PRECOMPILE_PREFIX_HEADER = YES;
				GCC_PREFIX_HEADER = "AnimationUI/AnimationUI-Prefix.pch";
				GCC_PREPROCESSOR_DEFINITIONS = (
					"DEBUG=1",
					"$(inherited)",
				);
				INFOPLIST_FILE = "AnimationUITests/AnimationUITests-Info.plist";
				PRODUCT_NAME = "$(TARGET_NAME)";
				TEST_HOST = "$(BUNDLE_LOADER)";
				WRAPPER_EXTENSION = xctest;
			};
			name = Debug;
		};
		3CAB297119485AF9001A797F /* Release */ = {
			isa = XCBuildConfiguration;
			buildSettings = {
				BUNDLE_LOADER = "$(BUILT_PRODUCTS_DIR)/AnimationUI.app/AnimationUI";
				FRAMEWORK_SEARCH_PATHS = (
					"$(SDKROOT)/Developer/Library/Frameworks",
					"$(inherited)",
					"$(DEVELOPER_FRAMEWORKS_DIR)",
				);
				GCC_PRECOMPILE_PREFIX_HEADER = YES;
				GCC_PREFIX_HEADER = "AnimationUI/AnimationUI-Prefix.pch";
				INFOPLIST_FILE = "AnimationUITests/AnimationUITests-Info.plist";
				PRODUCT_NAME = "$(TARGET_NAME)";
				TEST_HOST = "$(BUNDLE_LOADER)";
				WRAPPER_EXTENSION = xctest;
			};
			name = Release;
		};
/* End XCBuildConfiguration section */

/* Begin XCConfigurationList section */
		3CAB293519485AF8001A797F /* Build configuration list for PBXProject "AnimationUI" */ = {
			isa = XCConfigurationList;
			buildConfigurations = (
				3CAB296A19485AF9001A797F /* Debug */,
				3CAB296B19485AF9001A797F /* Release */,
			);
			defaultConfigurationIsVisible = 0;
			defaultConfigurationName = Release;
		};
		3CAB296C19485AF9001A797F /* Build configuration list for PBXNativeTarget "AnimationUI" */ = {
			isa = XCConfigurationList;
			buildConfigurations = (
				3CAB296D19485AF9001A797F /* Debug */,
				3CAB296E19485AF9001A797F /* Release */,
			);
			defaultConfigurationIsVisible = 0;
		};
		3CAB296F19485AF9001A797F /* Build configuration list for PBXNativeTarget "AnimationUITests" */ = {
			isa = XCConfigurationList;
			buildConfigurations = (
				3CAB297019485AF9001A797F /* Debug */,
				3CAB297119485AF9001A797F /* Release */,
			);
			defaultConfigurationIsVisible = 0;
		};
/* End XCConfigurationList section */
	};
	rootObject = 3CAB293219485AF8001A797F /* Project object */;
}
